
Microsoft Visual Studio Solution File, Format Version 12.00
# Visual Studio Version 17
VisualStudioVersion = 17.3.32901.215
MinimumVisualStudioVersion = 10.0.40219.1
Project("{FAE04EC0-301F-11D3-BF4B-00C04F79EFBC}") = "degişken-örnek", "degişken-örnek\degişken-örnek.csproj", "{81A4762F-AE95-4A0A-80EE-7FB83BB5DC54}"
EndProject
Global
	GlobalSection(SolutionConfigurationPlatforms) = preSolution
		Debug|Any CPU = Debug|Any CPU
		Release|Any CPU = Release|Any CPU
	EndGlobalSection
	GlobalSection(ProjectConfigurationPlatforms) = postSolution
		{81A4762F-AE95-4A0A-80EE-7FB83BB5DC54}.Debug|Any CPU.ActiveCfg = Debug|Any CPU
		{81A4762F-AE95-4A0A-80EE-7FB83BB5DC54}.Debug|Any CPU.Build.0 = Debug|Any CPU
		{81A4762F-AE95-4A0A-80EE-7FB83BB5DC54}.Release|Any CPU.ActiveCfg = Release|Any CPU
		{81A4762F-AE95-4A0A-80EE-7FB83BB5DC54}.Release|Any CPU.Build.0 = Release|Any CPU
	EndGlobalSection
	GlobalSection(SolutionProperties) = preSolution
		HideSolutionNode = FALSE
	EndGlobalSection
	GlobalSection(ExtensibilityGlobals) = postSolution
		SolutionGuid = {E5A8E9BD-8A08-4214-A5EC-2891DAAC404C}
	EndGlobalSection
EndGlobal
